
Microsoft Visual Studio Solution File, Format Version 12.00
# Visual Studio Version 16
VisualStudioVersion = 16.0.30011.22
MinimumVisualStudioVersion = 10.0.40219.1
Project("{FAE04EC0-301F-11D3-BF4B-00C04F79EFBC}") = "PhotoStudio", "PhotoStudio\PhotoStudio.csproj", "{BC352022-FFCB-49EA-A07C-1BC6E0AEEE98}"
EndProject
Global
	GlobalSection(SolutionConfigurationPlatforms) = preSolution
		Debug|Any CPU = Debug|Any CPU
		Release|Any CPU = Release|Any CPU
	EndGlobalSection
	GlobalSection(ProjectConfigurationPlatforms) = postSolution
		{BC352022-FFCB-49EA-A07C-1BC6E0AEEE98}.Debug|Any CPU.ActiveCfg = Debug|Any CPU
		{BC352022-FFCB-49EA-A07C-1BC6E0AEEE98}.Debug|Any CPU.Build.0 = Debug|Any CPU
		{BC352022-FFCB-49EA-A07C-1BC6E0AEEE98}.Release|Any CPU.ActiveCfg = Release|Any CPU
		{BC352022-FFCB-49EA-A07C-1BC6E0AEEE98}.Release|Any CPU.Build.0 = Release|Any CPU
	EndGlobalSection
	GlobalSection(SolutionProperties) = preSolution
		HideSolutionNode = FALSE
	EndGlobalSection
	GlobalSection(ExtensibilityGlobals) = postSolution
		SolutionGuid = {FA2B5E47-A46A-4829-93D8-44D47FC97553}
	EndGlobalSection
EndGlobal
